// !$*UTF8*$!
{
	archiveVersion = 1;
	classes = {
	};
	objectVersion = 77;
	objects = {

/* Begin PBXBuildFile section */
		0A934975F880E85E59BE9F63 /* KeyboardShortcuts.swift in Sources */ = {isa = PBXBuildFile; fileRef = 6CE5861E403CC7A65518DDA5 /* KeyboardShortcuts.swift */; };
		103D9769F0A84CB8B3B20A24 /* SQLStatementParser.swift in Sources */ = {isa = PBXBuildFile; fileRef = 103D976AF0A84CB8B3B20A24 /* SQLStatementParser.swift */; };
		13c022392b0b49a0a6a80a9c /* SQLEditorContextSelector.swift in Sources */ = {isa = PBXBuildFile; fileRef = a0cd5009bfe64ad9bbc42f55 /* SQLEditorContextSelector.swift */; };
		1F48D65E6AD44209891BD01A /* SQLExecutionScope.swift in Sources */ = {isa = PBXBuildFile; fileRef = 1F48D65F6AD44209891BD01A /* SQLExecutionScope.swift */; };
		2256e3f64519431b931c290a /* SQLEditorAutocompleteOverlay.swift in Sources */ = {isa = PBXBuildFile; fileRef = 55dbd64c862446daaef4c3dc /* SQLEditorAutocompleteOverlay.swift */; };
		29BCEECE3C0942CFA63F74D7 /* MySQLResultTableViews.swift in Sources */ = {isa = PBXBuildFile; fileRef = F3569CB1ABD94510843C6E04 /* MySQLResultTableViews.swift */; };
		2B3C4D5E6F7A890123456789 /* SQLEditorTextView.swift in Sources */ = {isa = PBXBuildFile; fileRef = 1C2D3E4F5A6B789012345678 /* SQLEditorTextView.swift */; };
		3C4D5E6F7A8B90123456789A /* WorkspaceEnums.swift in Sources */ = {isa = PBXBuildFile; fileRef = 4D5E6F7A8B9C012345678901 /* WorkspaceEnums.swift */; };
		WMGR202503170001A1B2C3D4E5F /* WorkspaceManager.swift in Sources */ = {isa = PBXBuildFile; fileRef = WMGR202503170001F1E2D3C4B5A6 /* WorkspaceManager.swift */; };
		4A915A4B2F690DC700D0780D /* MySQLKit in Frameworks */ = {isa = PBXBuildFile; productRef = 4AB0F8012F6200000000001 /* MySQLKit */; };
		4A915A4C2F690DC700D0780D /* MySQLNIO in Frameworks */ = {isa = PBXBuildFile; productRef = 4AB0F8012F6200000000002 /* MySQLNIO */; };
		4A915A4D2F690DC700D0780D /* NIOCore in Frameworks */ = {isa = PBXBuildFile; productRef = 4AB0F8012F6200000000003 /* NIOCore */; };
		4A915A4E2F690DC700D0780D /* NIOPosix in Frameworks */ = {isa = PBXBuildFile; productRef = 4AB0F8012F6200000000004 /* NIOPosix */; };
		4A915A512F690E3D00D0780D /* RediStack in Frameworks */ = {isa = PBXBuildFile; productRef = 4A915A502F690E3D00D0780D /* RediStack */; };
		4A915A552F690E3D00D0780D /* RedisTypes in Frameworks */ = {isa = PBXBuildFile; productRef = 4A915A542F690E3D00D0780D /* RedisTypes */; };
		4A915A5C2F690E6E00D0780D /* RedisClientProtocol.swift in Sources */ = {isa = PBXBuildFile; fileRef = 4A915A582F690E6E00D0780D /* RedisClientProtocol.swift */; };
		4A915A5D2F690E6E00D0780D /* RedisValueConverter.swift in Sources */ = {isa = PBXBuildFile; fileRef = 4A915A5B2F690E6E00D0780D /* RedisValueConverter.swift */; };
		4A915A5E2F690E6E00D0780D /* RedisErrorMapper.swift in Sources */ = {isa = PBXBuildFile; fileRef = 4A915A592F690E6E00D0780D /* RedisErrorMapper.swift */; };
		4A915A5F2F690E6E00D0780D /* RedisClient.swift in Sources */ = {isa = PBXBuildFile; fileRef = 4A915A562F690E6E00D0780D /* RedisClient.swift */; };
		4A915A602F690E6E00D0780D /* RedisClientCommands.swift in Sources */ = {isa = PBXBuildFile; fileRef = 4A915A572F690E6E00D0780D /* RedisClientCommands.swift */; };
		4A915A612F690E6E00D0780D /* RedisRiskDetector.swift in Sources */ = {isa = PBXBuildFile; fileRef = 4A915A5A2F690E6E00D0780D /* RedisRiskDetector.swift */; };
		4A915A6A2F690E9200D0780D /* RedisCommandResult.swift in Sources */ = {isa = PBXBuildFile; fileRef = 4A915A622F690E9200D0780D /* RedisCommandResult.swift */; };
		4A915A6B2F690E9200D0780D /* RedisKeyDetail.swift in Sources */ = {isa = PBXBuildFile; fileRef = 4A915A642F690E9200D0780D /* RedisKeyDetail.swift */; };
		4A915A6C2F690E9200D0780D /* RedisValue.swift in Sources */ = {isa = PBXBuildFile; fileRef = 4A915A672F690E9200D0780D /* RedisValue.swift */; };
		4A915A6D2F690E9200D0780D /* RedisConnectionConfig.swift in Sources */ = {isa = PBXBuildFile; fileRef = 4A915A632F690E9200D0780D /* RedisConnectionConfig.swift */; };
		4A915A6E2F690E9200D0780D /* RedisKeySummary.swift in Sources */ = {isa = PBXBuildFile; fileRef = 4A915A652F690E9200D0780D /* RedisKeySummary.swift */; };
		4A915A6F2F690E9200D0780D /* RedisSession.swift in Sources */ = {isa = PBXBuildFile; fileRef = 4A915A662F690E9200D0780D /* RedisSession.swift */; };
		4A915A702F690E9200D0780D /* RedisValueType.swift in Sources */ = {isa = PBXBuildFile; fileRef = 4A915A682F690E9200D0780D /* RedisValueType.swift */; };
		4A915A732F690EB200D0780D /* RedisService.swift in Sources */ = {isa = PBXBuildFile; fileRef = 4A915A712F690EB200D0780D /* RedisService.swift */; };
		4AB0F8092F6111D70027A24E /* MySQLErrorMapper.swift in Sources */ = {isa = PBXBuildFile; fileRef = 4AB0F8082F6111D70027A24E /* MySQLErrorMapper.swift */; };
		4AB0F80A2F6111D70027A24E /* MySQLClient.swift in Sources */ = {isa = PBXBuildFile; fileRef = 4AB0F8062F6111D70027A24E /* MySQLClient.swift */; };
		4AB0F80B2F6111D70027A24E /* MySQLClientProtocol.swift in Sources */ = {isa = PBXBuildFile; fileRef = 4AB0F8072F6111D70027A24E /* MySQLClientProtocol.swift */; };
		4AB0F82F2F61135A0027A24E /* MySQLWorkspaceView.swift in Sources */ = {isa = PBXBuildFile; fileRef = 4AB0F82D2F61135A0027A24E /* MySQLWorkspaceView.swift */; };
		4AB0F8302F61135A0027A24E /* MySQLService.swift in Sources */ = {isa = PBXBuildFile; fileRef = 4AB0F8262F61135A0027A24E /* MySQLService.swift */; };
		4AB0F8312F61135A0027A24E /* MySQLQueryResult.swift in Sources */ = {isa = PBXBuildFile; fileRef = 4AB0F8202F61135A0027A24E /* MySQLQueryResult.swift */; };
		4AB0F8322F61135A0027A24E /* MySQLStructureView.swift in Sources */ = {isa = PBXBuildFile; fileRef = 4AB0F82C2F61135A0027A24E /* MySQLStructureView.swift */; };
		4AB0F8332F61135A0027A24E /* MySQLDataView.swift in Sources */ = {isa = PBXBuildFile; fileRef = 4AB0F8282F61135A0027A24E /* MySQLDataView.swift */; };
		4AB0F8342F61135A0027A24E /* MySQLColumnDefinition.swift in Sources */ = {isa = PBXBuildFile; fileRef = 4AB0F81D2F61135A0027A24E /* MySQLColumnDefinition.swift */; };
		4AB0F8352F61135A0027A24E /* SQLRiskLevel.swift in Sources */ = {isa = PBXBuildFile; fileRef = 4AB0F8242F61135A0027A24E /* SQLRiskLevel.swift */; };
		4AB0F8362F61135A0027A24E /* MySQLResultView.swift in Sources */ = {isa = PBXBuildFile; fileRef = 4AB0F82A2F61135A0027A24E /* MySQLResultView.swift */; };
		4AB0F8372F61135A0027A24E /* MySQLSession.swift in Sources */ = {isa = PBXBuildFile; fileRef = 4AB0F8222F61135A0027A24E /* MySQLSession.swift */; };
		4AB0F8382F61135A0027A24E /* MySQLConnectionConfig.swift in Sources */ = {isa = PBXBuildFile; fileRef = 4AB0F81E2F61135A0027A24E /* MySQLConnectionConfig.swift */; };
		4AB0F8392F61135A0027A24E /* MySQLRowValue.swift in Sources */ = {isa = PBXBuildFile; fileRef = 4AB0F8212F61135A0027A24E /* MySQLRowValue.swift */; };
		4AB0F83A2F61135A0027A24E /* MySQLDatabaseSummary.swift in Sources */ = {isa = PBXBuildFile; fileRef = 4AB0F81F2F61135A0027A24E /* MySQLDatabaseSummary.swift */; };
		4AB0F83B2F61135A0027A24E /* MySQLEditorView.swift in Sources */ = {isa = PBXBuildFile; fileRef = 4AB0F8292F61135A0027A24E /* MySQLEditorView.swift */; };
		4AB0F83C2F61135A0027A24E /* MySQLSidebarView.swift in Sources */ = {isa = PBXBuildFile; fileRef = 4AB0F82B2F61135A0027A24E /* MySQLSidebarView.swift */; };
		4AB0F83D2F61135A0027A24E /* MySQLTableSummary.swift in Sources */ = {isa = PBXBuildFile; fileRef = 4AB0F8232F61135A0027A24E /* MySQLTableSummary.swift */; };
		4AB0F8402F6113760027A24E /* RedisWorkspaceView.swift in Sources */ = {isa = PBXBuildFile; fileRef = 4AB0F83E2F6113760027A24E /* RedisWorkspaceView.swift */; };
		CE7FDC6A75DD446BAF8F15A5 /* RedisKeyListView.swift in Sources */ = {isa = PBXBuildFile; fileRef = 0F77FBE9F85E4B82A68EC55F /* RedisKeyListView.swift */; };
		93570AC33AEC4DE8A5240F24 /* RedisKeyDetailHeaderView.swift in Sources */ = {isa = PBXBuildFile; fileRef = D9FCB9D74FEE4842A06DF689 /* RedisKeyDetailHeaderView.swift */; };
		EFC886148E764D49B9C06892 /* RedisValueViews.swift in Sources */ = {isa = PBXBuildFile; fileRef = CDA117B7222344B588A0A657 /* RedisValueViews.swift */; };

		4AB0F8422F6113930027A24E /* OrderDirection.swift in Sources */ = {isa = PBXBuildFile; fileRef = 4AB0F8412F6113930027A24E /* OrderDirection.swift */; };
		4AB826AC2F602B9D00BC4BE6 /* AppError.swift in Sources */ = {isa = PBXBuildFile; fileRef = 4AB8269B2F602B9D00BC4BE6 /* AppError.swift */; };
		4AB826AD2F602B9D00BC4BE6 /* DatabaseKind.swift in Sources */ = {isa = PBXBuildFile; fileRef = 4AB8269D2F602B9D00BC4BE6 /* DatabaseKind.swift */; };
		4AB826AE2F602B9D00BC4BE6 /* ContentView.swift in Sources */ = {isa = PBXBuildFile; fileRef = 4AB826872F602B9D00BC4BE6 /* ContentView.swift */; };
		4AB826AF2F602B9D00BC4BE6 /* cheap_connectionApp.swift in Sources */ = {isa = PBXBuildFile; fileRef = 4AB826862F602B9D00BC4BE6 /* cheap_connectionApp.swift */; };
		4AB826B02F602B9D00BC4BE6 /* ConnectionConfig.swift in Sources */ = {isa = PBXBuildFile; fileRef = 4AB8269C2F602B9D00BC4BE6 /* ConnectionConfig.swift */; };
		4AB826B12F602B9D00BC4BE6 /* PaginationState.swift in Sources */ = {isa = PBXBuildFile; fileRef = 4AB8269E2F602B9D00BC4BE6 /* PaginationState.swift */; };
		4AB827012F60300000BC4BE6 /* KeychainError.swift in Sources */ = {isa = PBXBuildFile; fileRef = 4AB827002F60300000BC4BE6 /* KeychainError.swift */; };
		4AB827032F60300000BC4BE6 /* KeychainService.swift in Sources */ = {isa = PBXBuildFile; fileRef = 4AB827022F60300000BC4BE6 /* KeychainService.swift */; };
		4AB827052F60300000BC4BE6 /* ConnectionRepository.swift in Sources */ = {isa = PBXBuildFile; fileRef = 4AB827042F60300000BC4BE6 /* ConnectionRepository.swift */; };
		4AB827072F60300000BC4BE6 /* RecentHistoryRepository.swift in Sources */ = {isa = PBXBuildFile; fileRef = 4AB827062F60300000BC4BE6 /* RecentHistoryRepository.swift */; };
		4AB827092F60300000BC4BE6 /* ConnectionManager.swift in Sources */ = {isa = PBXBuildFile; fileRef = 4AB827082F60300000BC4BE6 /* ConnectionManager.swift */; };
		4AB8270B2F60300000BC4BE6 /* ConnectionFormData.swift in Sources */ = {isa = PBXBuildFile; fileRef = 4AB8270A2F60300000BC4BE6 /* ConnectionFormData.swift */; };
		4AB8270D2F60300000BC4BE6 /* ConnectionFormViewModel.swift in Sources */ = {isa = PBXBuildFile; fileRef = 4AB8270C2F60300000BC4BE6 /* ConnectionFormViewModel.swift */; };
		4AB8270F2F60300000BC4BE6 /* ConnectionListView.swift in Sources */ = {isa = PBXBuildFile; fileRef = 4AB8270E2F60300000BC4BE6 /* ConnectionListView.swift */; };
		4AB827112F60300000BC4BE6 /* ConnectionRowView.swift in Sources */ = {isa = PBXBuildFile; fileRef = 4AB827102F60300000BC4BE6 /* ConnectionRowView.swift */; };
		4AB827132F60300000BC4BE6 /* ConnectionFormView.swift in Sources */ = {isa = PBXBuildFile; fileRef = 4AB827122F60300000BC4BE6 /* ConnectionFormView.swift */; };
		4AB827152F60300000BC4BE6 /* MainView.swift in Sources */ = {isa = PBXBuildFile; fileRef = 4AB827142F60300000BC4BE6 /* MainView.swift */; };
		55c78129daf5412aa76beb2f /* SQLPreprocessor.swift in Sources */ = {isa = PBXBuildFile; fileRef = 3dd67efc70734c8db37616a5 /* SQLPreprocessor.swift */; };
		57C291BE4D8F43B9AF6D02E1 /* MySQLConnectionErrorHandler.swift in Sources */ = {isa = PBXBuildFile; fileRef = 613F48D030A54F6BAC738E52 /* MySQLConnectionErrorHandler.swift */; };
		5A3B8C9D1E2F4A5678901234 /* ConnectionListDataLoader.swift in Sources */ = {isa = PBXBuildFile; fileRef = 6B4C9DAE2F3A5B6789012345 /* ConnectionListDataLoader.swift */; };
		5D6E7F8A9B0C1234567890AB /* ConnectionStateViews.swift in Sources */ = {isa = PBXBuildFile; fileRef = 6E7F8A9B0C1D23456789012C /* ConnectionStateViews.swift */; };
		6E7F8A9B0C123456789012CD /* SQLFileOperations.swift in Sources */ = {isa = PBXBuildFile; fileRef = 7F8A9B0C1D234567890123D /* SQLFileOperations.swift */; };
		76BD3BE1028F4E7EB20084AC /* MySQLSidebarNodeViews.swift in Sources */ = {isa = PBXBuildFile; fileRef = CD9F3CB20F454108A3438F22 /* MySQLSidebarNodeViews.swift */; };
		7C5DAEBF304B6C7890123456 /* ConnectionListRowViews.swift in Sources */ = {isa = PBXBuildFile; fileRef = 8D6EBFC0415C7D8901234567 /* ConnectionListRowViews.swift */; };
		7D3A8B9C2E7F4A1582C1D0B /* ConnectionListNodeViews.swift in Sources */ = {isa = PBXBuildFile; fileRef = 8E4B9CD3F6A25B2693E2C1F /* ConnectionListNodeViews.swift */; };
		8A40726E8AAF42D5B42BB323 /* MySQLConnectionResolver.swift in Sources */ = {isa = PBXBuildFile; fileRef = 05D18DD970994EC4A6F30ADF /* MySQLConnectionResolver.swift */; };
		95123D0E6E3E1A078C3C959B /* WindowStateRepository.swift in Sources */ = {isa = PBXBuildFile; fileRef = 98879DAB39D99F2AEFABAE86 /* WindowStateRepository.swift */; };
		9A1B2C3D4E5F678901234567 /* MySQLEditorModels.swift in Sources */ = {isa = PBXBuildFile; fileRef = 8Z0A1B2C3D4E567890123456 /* MySQLEditorModels.swift */; };
		A1B2C3D4E5F6789012345678 /* MySQLQueries.swift in Sources */ = {isa = PBXBuildFile; fileRef = B2C3D4E5F6A78901234567 /* MySQLQueries.swift */; };
		AA11AA11AA11AA11AA11AA01 /* MySQLEditorToolbar.swift in Sources */ = {isa = PBXBuildFile; fileRef = AA11AA11AA11AA11AA11AA02 /* MySQLEditorToolbar.swift */; };
		AA11AA11AA11AA11AA11AA03 /* MySQLEditorTabBar.swift in Sources */ = {isa = PBXBuildFile; fileRef = AA11AA11AA11AA11AA11AA04 /* MySQLEditorTabBar.swift */; };
		AA11AA11AA11AA11AA11AA05 /* MySQLEditorAutocomplete.swift in Sources */ = {isa = PBXBuildFile; fileRef = AA11AA11AA11AA11AA11AA06 /* MySQLEditorAutocomplete.swift */; };
		AA11AA11AA11AA11AA11AA07 /* MySQLWorkspaceConnection.swift in Sources */ = {isa = PBXBuildFile; fileRef = AA11AA11AA11AA11AA11AA08 /* MySQLWorkspaceConnection.swift */; };
		AA11AA11AA11AA11AA11AA0B /* MySQLWorkspaceFileTabs.swift in Sources */ = {isa = PBXBuildFile; fileRef = AA11AA11AA11AA11AA11AA0C /* MySQLWorkspaceFileTabs.swift */; };
		AA11AA11AA11AA11AA11AA0D /* MySQLWorkspaceQueryContext.swift in Sources */ = {isa = PBXBuildFile; fileRef = AA11AA11AA11AA11AA11AA0E /* MySQLWorkspaceQueryContext.swift */; };
		RIGHTPANEL001 /* MySQLRightPanelView.swift in Sources */ = {isa = PBXBuildFile; fileRef = RIGHTPANEL002 /* MySQLRightPanelView.swift */; };
		RIGHTPANEL003 /* MySQLRightPanelOperations.swift in Sources */ = {isa = PBXBuildFile; fileRef = RIGHTPANEL004 /* MySQLRightPanelOperations.swift */; };
		ACB26D133F5941E298D83B9A /* MySQLValueConverter.swift in Sources */ = {isa = PBXBuildFile; fileRef = 70B27C3676CC4B41B57E548B /* MySQLValueConverter.swift */; };
		B51AEA4A88A14C53885F4D73 /* MySQLResultTableCell.swift in Sources */ = {isa = PBXBuildFile; fileRef = 0DDD099183F745F8B682188D /* MySQLResultTableCell.swift */; };
		BB22BB22BB22BB22BB22BB01 /* MySQLClientQueries.swift in Sources */ = {isa = PBXBuildFile; fileRef = BB22BB22BB22BB22BB22BB02 /* MySQLClientQueries.swift */; };
		BB22BB22BB22BB22BB22BB03 /* ConnectionListInteractions.swift in Sources */ = {isa = PBXBuildFile; fileRef = BB22BB22BB22BB22BB22BB04 /* ConnectionListInteractions.swift */; };
		E7A70AAE1FB64193A3D3AD97 /* MySQLEscapeUtils.swift in Sources */ = {isa = PBXBuildFile; fileRef = 1CD2C37A81C64E0A90907314 /* MySQLEscapeUtils.swift */; };
		e504b4f559c64acbb48b9cbd /* SQLEditorHistoryPanel.swift in Sources */ = {isa = PBXBuildFile; fileRef = 088e29fc97b244b186dc05f7 /* SQLEditorHistoryPanel.swift */; };
		D526A6F1BD1947F81AACBA29 /* RedisConsoleView.swift in Sources */ = {isa = PBXBuildFile; fileRef = 72B43748E258FAF957499699 /* RedisConsoleView.swift */; };
		SPLITVIEW002 /* SplitView.swift in Sources */ = {isa = PBXBuildFile; fileRef = SPLITVIEW001 /* SplitView.swift */; };
		REDISEDITOR002 /* RedisEditorView.swift in Sources */ = {isa = PBXBuildFile; fileRef = REDISEDITOR001 /* RedisEditorView.swift */; };
		UNIFIED002 /* UnifiedWorkspaceView.swift in Sources */ = {isa = PBXBuildFile; fileRef = UNIFIED001 /* UnifiedWorkspaceView.swift */; };
		WORKSPACETABBAR002 /* WorkspaceTabBar.swift in Sources */ = {isa = PBXBuildFile; fileRef = WORKSPACETABBAR001 /* WorkspaceTabBar.swift */; };
/* End PBXBuildFile section */

/* Begin PBXFileReference section */
		05D18DD970994EC4A6F30ADF /* MySQLConnectionResolver.swift */ = {isa = PBXFileReference; lastKnownFileType = sourcecode.swift; path = MySQLConnectionResolver.swift; sourceTree = "<group>"; };
		088e29fc97b244b186dc05f7 /* SQLEditorHistoryPanel.swift */ = {isa = PBXFileReference; lastKnownFileType = sourcecode.swift; path = SQLEditorHistoryPanel.swift; sourceTree = "<group>"; };
		0DDD099183F745F8B682188D /* MySQLResultTableCell.swift */ = {isa = PBXFileReference; lastKnownFileType = sourcecode.swift; path = MySQLResultTableCell.swift; sourceTree = "<group>"; };
		103D976AF0A84CB8B3B20A24 /* SQLStatementParser.swift */ = {isa = PBXFileReference; lastKnownFileType = sourcecode.swift; path = SQLStatementParser.swift; sourceTree = "<group>"; };
		1C2D3E4F5A6B789012345678 /* SQLEditorTextView.swift */ = {isa = PBXFileReference; lastKnownFileType = sourcecode.swift; path = SQLEditorTextView.swift; sourceTree = "<group>"; };
		WMGR202503170001F1E2D3C4B5A6 /* WorkspaceManager.swift */ = {isa = PBXFileReference; lastKnownFileType = sourcecode.swift; path = WorkspaceManager.swift; sourceTree = "<group>"; };
		1CD2C37A81C64E0A90907314 /* MySQLEscapeUtils.swift */ = {isa = PBXFileReference; lastKnownFileType = sourcecode.swift; path = MySQLEscapeUtils.swift; sourceTree = "<group>"; };
		1F48D65F6AD44209891BD01A /* SQLExecutionScope.swift */ = {isa = PBXFileReference; lastKnownFileType = sourcecode.swift; path = SQLExecutionScope.swift; sourceTree = "<group>"; };
		3dd67efc70734c8db37616a5 /* SQLPreprocessor.swift */ = {isa = PBXFileReference; lastKnownFileType = sourcecode.swift; path = SQLPreprocessor.swift; sourceTree = "<group>"; };
		4A2E660B2F60294300E9C832 /* cheap-connection.app */ = {isa = PBXFileReference; explicitFileType = wrapper.application; includeInIndex = 0; path = "cheap-connection.app"; sourceTree = BUILT_PRODUCTS_DIR; };
		4A915A562F690E6E00D0780D /* RedisClient.swift */ = {isa = PBXFileReference; lastKnownFileType = sourcecode.swift; path = RedisClient.swift; sourceTree = "<group>"; };
		4A915A572F690E6E00D0780D /* RedisClientCommands.swift */ = {isa = PBXFileReference; lastKnownFileType = sourcecode.swift; path = RedisClientCommands.swift; sourceTree = "<group>"; };
		4A915A582F690E6E00D0780D /* RedisClientProtocol.swift */ = {isa = PBXFileReference; lastKnownFileType = sourcecode.swift; path = RedisClientProtocol.swift; sourceTree = "<group>"; };
		4A915A592F690E6E00D0780D /* RedisErrorMapper.swift */ = {isa = PBXFileReference; lastKnownFileType = sourcecode.swift; path = RedisErrorMapper.swift; sourceTree = "<group>"; };
		4A915A5A2F690E6E00D0780D /* RedisRiskDetector.swift */ = {isa = PBXFileReference; lastKnownFileType = sourcecode.swift; path = RedisRiskDetector.swift; sourceTree = "<group>"; };
		4A915A5B2F690E6E00D0780D /* RedisValueConverter.swift */ = {isa = PBXFileReference; lastKnownFileType = sourcecode.swift; path = RedisValueConverter.swift; sourceTree = "<group>"; };
		4A915A622F690E9200D0780D /* RedisCommandResult.swift */ = {isa = PBXFileReference; lastKnownFileType = sourcecode.swift; path = RedisCommandResult.swift; sourceTree = "<group>"; };
		4A915A632F690E9200D0780D /* RedisConnectionConfig.swift */ = {isa = PBXFileReference; lastKnownFileType = sourcecode.swift; path = RedisConnectionConfig.swift; sourceTree = "<group>"; };
		4A915A642F690E9200D0780D /* RedisKeyDetail.swift */ = {isa = PBXFileReference; lastKnownFileType = sourcecode.swift; path = RedisKeyDetail.swift; sourceTree = "<group>"; };
		4A915A652F690E9200D0780D /* RedisKeySummary.swift */ = {isa = PBXFileReference; lastKnownFileType = sourcecode.swift; path = RedisKeySummary.swift; sourceTree = "<group>"; };
		4A915A662F690E9200D0780D /* RedisSession.swift */ = {isa = PBXFileReference; lastKnownFileType = sourcecode.swift; path = RedisSession.swift; sourceTree = "<group>"; };
		4A915A672F690E9200D0780D /* RedisValue.swift */ = {isa = PBXFileReference; lastKnownFileType = sourcecode.swift; path = RedisValue.swift; sourceTree = "<group>"; };
		4A915A682F690E9200D0780D /* RedisValueType.swift */ = {isa = PBXFileReference; lastKnownFileType = sourcecode.swift; path = RedisValueType.swift; sourceTree = "<group>"; };
		4A915A712F690EB200D0780D /* RedisService.swift */ = {isa = PBXFileReference; lastKnownFileType = sourcecode.swift; path = RedisService.swift; sourceTree = "<group>"; };
		4AB0F8062F6111D70027A24E /* MySQLClient.swift */ = {isa = PBXFileReference; lastKnownFileType = sourcecode.swift; path = MySQLClient.swift; sourceTree = "<group>"; };
		4AB0F8072F6111D70027A24E /* MySQLClientProtocol.swift */ = {isa = PBXFileReference; lastKnownFileType = sourcecode.swift; path = MySQLClientProtocol.swift; sourceTree = "<group>"; };
		4AB0F8082F6111D70027A24E /* MySQLErrorMapper.swift */ = {isa = PBXFileReference; lastKnownFileType = sourcecode.swift; path = MySQLErrorMapper.swift; sourceTree = "<group>"; };
		4AB0F81D2F61135A0027A24E /* MySQLColumnDefinition.swift */ = {isa = PBXFileReference; lastKnownFileType = sourcecode.swift; path = MySQLColumnDefinition.swift; sourceTree = "<group>"; };
		4AB0F81E2F61135A0027A24E /* MySQLConnectionConfig.swift */ = {isa = PBXFileReference; lastKnownFileType = sourcecode.swift; path = MySQLConnectionConfig.swift; sourceTree = "<group>"; };
		4AB0F81F2F61135A0027A24E /* MySQLDatabaseSummary.swift */ = {isa = PBXFileReference; lastKnownFileType = sourcecode.swift; path = MySQLDatabaseSummary.swift; sourceTree = "<group>"; };
		4AB0F8202F61135A0027A24E /* MySQLQueryResult.swift */ = {isa = PBXFileReference; lastKnownFileType = sourcecode.swift; path = MySQLQueryResult.swift; sourceTree = "<group>"; };
		4AB0F8212F61135A0027A24E /* MySQLRowValue.swift */ = {isa = PBXFileReference; lastKnownFileType = sourcecode.swift; path = MySQLRowValue.swift; sourceTree = "<group>"; };
		4AB0F8222F61135A0027A24E /* MySQLSession.swift */ = {isa = PBXFileReference; lastKnownFileType = sourcecode.swift; path = MySQLSession.swift; sourceTree = "<group>"; };
		4AB0F8232F61135A0027A24E /* MySQLTableSummary.swift */ = {isa = PBXFileReference; lastKnownFileType = sourcecode.swift; path = MySQLTableSummary.swift; sourceTree = "<group>"; };
		4AB0F8242F61135A0027A24E /* SQLRiskLevel.swift */ = {isa = PBXFileReference; lastKnownFileType = sourcecode.swift; path = SQLRiskLevel.swift; sourceTree = "<group>"; };
		4AB0F8262F61135A0027A24E /* MySQLService.swift */ = {isa = PBXFileReference; lastKnownFileType = sourcecode.swift; path = MySQLService.swift; sourceTree = "<group>"; };
		4AB0F8282F61135A0027A24E /* MySQLDataView.swift */ = {isa = PBXFileReference; lastKnownFileType = sourcecode.swift; path = MySQLDataView.swift; sourceTree = "<group>"; };
		4AB0F8292F61135A0027A24E /* MySQLEditorView.swift */ = {isa = PBXFileReference; lastKnownFileType = sourcecode.swift; path = MySQLEditorView.swift; sourceTree = "<group>"; };
		4AB0F82A2F61135A0027A24E /* MySQLResultView.swift */ = {isa = PBXFileReference; lastKnownFileType = sourcecode.swift; path = MySQLResultView.swift; sourceTree = "<group>"; };
		4AB0F82B2F61135A0027A24E /* MySQLSidebarView.swift */ = {isa = PBXFileReference; lastKnownFileType = sourcecode.swift; path = MySQLSidebarView.swift; sourceTree = "<group>"; };
		4AB0F82C2F61135A0027A24E /* MySQLStructureView.swift */ = {isa = PBXFileReference; lastKnownFileType = sourcecode.swift; path = MySQLStructureView.swift; sourceTree = "<group>"; };
		4AB0F82D2F61135A0027A24E /* MySQLWorkspaceView.swift */ = {isa = PBXFileReference; lastKnownFileType = sourcecode.swift; path = MySQLWorkspaceView.swift; sourceTree = "<group>"; };
		4AB0F83E2F6113760027A24E /* RedisWorkspaceView.swift */ = {isa = PBXFileReference; lastKnownFileType = sourcecode.swift; path = RedisWorkspaceView.swift; sourceTree = "<group>"; };
		0F77FBE9F85E4B82A68EC55F /* RedisKeyListView.swift */ = {isa = PBXFileReference; lastKnownFileType = sourcecode.swift; path = RedisKeyListView.swift; sourceTree = "<group>"; };
		D9FCB9D74FEE4842A06DF689 /* RedisKeyDetailHeaderView.swift */ = {isa = PBXFileReference; lastKnownFileType = sourcecode.swift; path = RedisKeyDetailHeaderView.swift; sourceTree = "<group>"; };
		CDA117B7222344B588A0A657 /* RedisValueViews.swift */ = {isa = PBXFileReference; lastKnownFileType = sourcecode.swift; path = RedisValueViews.swift; sourceTree = "<group>"; };

		4AB0F8412F6113930027A24E /* OrderDirection.swift */ = {isa = PBXFileReference; lastKnownFileType = sourcecode.swift; path = OrderDirection.swift; sourceTree = "<group>"; };
		4AB826862F602B9D00BC4BE6 /* cheap_connectionApp.swift */ = {isa = PBXFileReference; lastKnownFileType = sourcecode.swift; path = cheap_connectionApp.swift; sourceTree = "<group>"; };
		4AB826872F602B9D00BC4BE6 /* ContentView.swift */ = {isa = PBXFileReference; lastKnownFileType = sourcecode.swift; path = ContentView.swift; sourceTree = "<group>"; };
		4AB826892F602B9D00BC4BE6 /* cheap-connection.xcodeproj */ = {isa = PBXFileReference; lastKnownFileType = "wrapper.pb-project"; path = "cheap-connection.xcodeproj"; sourceTree = "<group>"; };
		4AB8268A2F602B9D00BC4BE6 /* CLAUDE.md */ = {isa = PBXFileReference; lastKnownFileType = net.daringfireball.markdown; path = CLAUDE.md; sourceTree = "<group>"; };
		4AB8268B2F602B9D00BC4BE6 /* doneList.md */ = {isa = PBXFileReference; lastKnownFileType = net.daringfireball.markdown; path = doneList.md; sourceTree = "<group>"; };
		4AB8269B2F602B9D00BC4BE6 /* AppError.swift */ = {isa = PBXFileReference; lastKnownFileType = sourcecode.swift; path = AppError.swift; sourceTree = "<group>"; };
		4AB8269C2F602B9D00BC4BE6 /* ConnectionConfig.swift */ = {isa = PBXFileReference; lastKnownFileType = sourcecode.swift; path = ConnectionConfig.swift; sourceTree = "<group>"; };
		4AB8269D2F602B9D00BC4BE6 /* DatabaseKind.swift */ = {isa = PBXFileReference; lastKnownFileType = sourcecode.swift; path = DatabaseKind.swift; sourceTree = "<group>"; };
		4AB8269E2F602B9D00BC4BE6 /* PaginationState.swift */ = {isa = PBXFileReference; lastKnownFileType = sourcecode.swift; path = PaginationState.swift; sourceTree = "<group>"; };
		4AB826A32F602B9D00BC4BE6 /* todoList.md */ = {isa = PBXFileReference; lastKnownFileType = net.daringfireball.markdown; path = todoList.md; sourceTree = "<group>"; };
		4AB826B32F602C1000BC4BE6 /* Contents.json */ = {isa = PBXFileReference; lastKnownFileType = text.json; path = Contents.json; sourceTree = "<group>"; };
		4AB826B52F602C1000BC4BE6 /* Contents.json */ = {isa = PBXFileReference; lastKnownFileType = text.json; path = Contents.json; sourceTree = "<group>"; };
		4AB826B72F602C1000BC4BE6 /* Contents.json */ = {isa = PBXFileReference; lastKnownFileType = text.json; path = Contents.json; sourceTree = "<group>"; };
		4AB827002F60300000BC4BE6 /* KeychainError.swift */ = {isa = PBXFileReference; lastKnownFileType = sourcecode.swift; path = KeychainError.swift; sourceTree = "<group>"; };
		4AB827022F60300000BC4BE6 /* KeychainService.swift */ = {isa = PBXFileReference; lastKnownFileType = sourcecode.swift; path = KeychainService.swift; sourceTree = "<group>"; };
		4AB827042F60300000BC4BE6 /* ConnectionRepository.swift */ = {isa = PBXFileReference; lastKnownFileType = sourcecode.swift; path = ConnectionRepository.swift; sourceTree = "<group>"; };
		4AB827062F60300000BC4BE6 /* RecentHistoryRepository.swift */ = {isa = PBXFileReference; lastKnownFileType = sourcecode.swift; path = RecentHistoryRepository.swift; sourceTree = "<group>"; };
		4AB827082F60300000BC4BE6 /* ConnectionManager.swift */ = {isa = PBXFileReference; lastKnownFileType = sourcecode.swift; path = ConnectionManager.swift; sourceTree = "<group>"; };
		4AB8270A2F60300000BC4BE6 /* ConnectionFormData.swift */ = {isa = PBXFileReference; lastKnownFileType = sourcecode.swift; path = ConnectionFormData.swift; sourceTree = "<group>"; };
		4AB8270C2F60300000BC4BE6 /* ConnectionFormViewModel.swift */ = {isa = PBXFileReference; lastKnownFileType = sourcecode.swift; path = ConnectionFormViewModel.swift; sourceTree = "<group>"; };
		4AB8270E2F60300000BC4BE6 /* ConnectionListView.swift */ = {isa = PBXFileReference; lastKnownFileType = sourcecode.swift; path = ConnectionListView.swift; sourceTree = "<group>"; };
		4AB827102F60300000BC4BE6 /* ConnectionRowView.swift */ = {isa = PBXFileReference; lastKnownFileType = sourcecode.swift; path = ConnectionRowView.swift; sourceTree = "<group>"; };
		4AB827122F60300000BC4BE6 /* ConnectionFormView.swift */ = {isa = PBXFileReference; lastKnownFileType = sourcecode.swift; path = ConnectionFormView.swift; sourceTree = "<group>"; };
		4AB827142F60300000BC4BE6 /* MainView.swift */ = {isa = PBXFileReference; lastKnownFileType = sourcecode.swift; path = MainView.swift; sourceTree = "<group>"; };
		4D5E6F7A8B9C012345678901 /* WorkspaceEnums.swift */ = {isa = PBXFileReference; lastKnownFileType = sourcecode.swift; path = WorkspaceEnums.swift; sourceTree = "<group>"; };
		55dbd64c862446daaef4c3dc /* SQLEditorAutocompleteOverlay.swift */ = {isa = PBXFileReference; lastKnownFileType = sourcecode.swift; path = SQLEditorAutocompleteOverlay.swift; sourceTree = "<group>"; };
		613F48D030A54F6BAC738E52 /* MySQLConnectionErrorHandler.swift */ = {isa = PBXFileReference; lastKnownFileType = sourcecode.swift; path = MySQLConnectionErrorHandler.swift; sourceTree = "<group>"; };
		6B4C9DAE2F3A5B6789012345 /* ConnectionListDataLoader.swift */ = {isa = PBXFileReference; lastKnownFileType = sourcecode.swift; path = ConnectionListDataLoader.swift; sourceTree = "<group>"; };
		6CE5861E403CC7A65518DDA5 /* KeyboardShortcuts.swift */ = {isa = PBXFileReference; lastKnownFileType = sourcecode.swift; path = KeyboardShortcuts.swift; sourceTree = "<group>"; };
		6E7F8A9B0C1D23456789012C /* ConnectionStateViews.swift */ = {isa = PBXFileReference; lastKnownFileType = sourcecode.swift; path = ConnectionStateViews.swift; sourceTree = "<group>"; };
		70B27C3676CC4B41B57E548B /* MySQLValueConverter.swift */ = {isa = PBXFileReference; lastKnownFileType = sourcecode.swift; path = MySQLValueConverter.swift; sourceTree = "<group>"; };
		7F8A9B0C1D234567890123D /* SQLFileOperations.swift */ = {isa = PBXFileReference; lastKnownFileType = sourcecode.swift; path = SQLFileOperations.swift; sourceTree = "<group>"; };
		8D6EBFC0415C7D8901234567 /* ConnectionListRowViews.swift */ = {isa = PBXFileReference; lastKnownFileType = sourcecode.swift; path = ConnectionListRowViews.swift; sourceTree = "<group>"; };
		8E4B9CD3F6A25B2693E2C1F /* ConnectionListNodeViews.swift */ = {isa = PBXFileReference; lastKnownFileType = sourcecode.swift; path = ConnectionListNodeViews.swift; sourceTree = "<group>"; };
		8Z0A1B2C3D4E567890123456 /* MySQLEditorModels.swift */ = {isa = PBXFileReference; lastKnownFileType = sourcecode.swift; path = MySQLEditorModels.swift; sourceTree = "<group>"; };
		98879DAB39D99F2AEFABAE86 /* WindowStateRepository.swift */ = {isa = PBXFileReference; lastKnownFileType = sourcecode.swift; path = WindowStateRepository.swift; sourceTree = "<group>"; };
		AA11AA11AA11AA11AA11AA02 /* MySQLEditorToolbar.swift */ = {isa = PBXFileReference; lastKnownFileType = sourcecode.swift; path = MySQLEditorToolbar.swift; sourceTree = "<group>"; };
		AA11AA11AA11AA11AA11AA04 /* MySQLEditorTabBar.swift */ = {isa = PBXFileReference; lastKnownFileType = sourcecode.swift; path = MySQLEditorTabBar.swift; sourceTree = "<group>"; };
		AA11AA11AA11AA11AA11AA06 /* MySQLEditorAutocomplete.swift */ = {isa = PBXFileReference; lastKnownFileType = sourcecode.swift; path = MySQLEditorAutocomplete.swift; sourceTree = "<group>"; };
		AA11AA11AA11AA11AA11AA08 /* MySQLWorkspaceConnection.swift */ = {isa = PBXFileReference; lastKnownFileType = sourcecode.swift; path = MySQLWorkspaceConnection.swift; sourceTree = "<group>"; };
		AA11AA11AA11AA11AA11AA0C /* MySQLWorkspaceFileTabs.swift */ = {isa = PBXFileReference; lastKnownFileType = sourcecode.swift; path = MySQLWorkspaceFileTabs.swift; sourceTree = "<group>"; };
		AA11AA11AA11AA11AA11AA0E /* MySQLWorkspaceQueryContext.swift */ = {isa = PBXFileReference; lastKnownFileType = sourcecode.swift; path = MySQLWorkspaceQueryContext.swift; sourceTree = "<group>"; };
		RIGHTPANEL002 /* MySQLRightPanelView.swift */ = {isa = PBXFileReference; lastKnownFileType = sourcecode.swift; path = MySQLRightPanelView.swift; sourceTree = "<group>"; };
		RIGHTPANEL004 /* MySQLRightPanelOperations.swift */ = {isa = PBXFileReference; lastKnownFileType = sourcecode.swift; path = MySQLRightPanelOperations.swift; sourceTree = "<group>"; };
		B2C3D4E5F6A78901234567 /* MySQLQueries.swift */ = {isa = PBXFileReference; lastKnownFileType = sourcecode.swift; path = MySQLQueries.swift; sourceTree = "<group>"; };
		BB22BB22BB22BB22BB22BB02 /* MySQLClientQueries.swift */ = {isa = PBXFileReference; lastKnownFileType = sourcecode.swift; path = MySQLClientQueries.swift; sourceTree = "<group>"; };
		BB22BB22BB22BB22BB22BB04 /* ConnectionListInteractions.swift */ = {isa = PBXFileReference; lastKnownFileType = sourcecode.swift; path = ConnectionListInteractions.swift; sourceTree = "<group>"; };
		CD9F3CB20F454108A3438F22 /* MySQLSidebarNodeViews.swift */ = {isa = PBXFileReference; lastKnownFileType = sourcecode.swift; path = MySQLSidebarNodeViews.swift; sourceTree = "<group>"; };
		F3569CB1ABD94510843C6E04 /* MySQLResultTableViews.swift */ = {isa = PBXFileReference; lastKnownFileType = sourcecode.swift; path = MySQLResultTableViews.swift; sourceTree = "<group>"; };
		a0cd5009bfe64ad9bbc42f55 /* SQLEditorContextSelector.swift */ = {isa = PBXFileReference; lastKnownFileType = sourcecode.swift; path = SQLEditorContextSelector.swift; sourceTree = "<group>"; };
72B43748E258FAF957499699 /* RedisConsoleView.swift */ = {isa = PBXFileReference; lastKnownFileType = sourcecode.swift; path = RedisConsoleView.swift; sourceTree = "<group>"; };
		SPLITVIEW001 /* SplitView.swift */ = {isa = PBXFileReference; lastKnownFileType = sourcecode.swift; path = SplitView.swift; sourceTree = "<group>"; };
		REDISEDITOR001 /* RedisEditorView.swift */ = {isa = PBXFileReference; lastKnownFileType = sourcecode.swift; path = RedisEditorView.swift; sourceTree = "<group>"; };
		UNIFIED001 /* UnifiedWorkspaceView.swift */ = {isa = PBXFileReference; lastKnownFileType = sourcecode.swift; path = UnifiedWorkspaceView.swift; sourceTree = "<group>"; };
		WORKSPACETABBAR001 /* WorkspaceTabBar.swift */ = {isa = PBXFileReference; lastKnownFileType = sourcecode.swift; path = WorkspaceTabBar.swift; sourceTree = "<group>"; };
/* End PBXFileReference section */

/* Begin PBXFrameworksBuildPhase section */
		4A2E66082F60294300E9C832 /* Frameworks */ = {
			isa = PBXFrameworksBuildPhase;
			buildActionMask = 2147483647;
			files = (
				4A915A512F690E3D00D0780D /* RediStack in Frameworks */,
				4A915A552F690E3D00D0780D /* RedisTypes in Frameworks */,
				4A915A4E2F690DC700D0780D /* NIOPosix in Frameworks */,
				4A915A4D2F690DC700D0780D /* NIOCore in Frameworks */,
				4A915A4C2F690DC700D0780D /* MySQLNIO in Frameworks */,
				4A915A4B2F690DC700D0780D /* MySQLKit in Frameworks */,
			);
			runOnlyForDeploymentPostprocessing = 0;
		};
/* End PBXFrameworksBuildPhase section */

/* Begin PBXGroup section */
		4A2E66022F60294300E9C832 = {
			isa = PBXGroup;
			children = (
				4AB826B82F602C1000BC4BE6 /* Assets.xcassets */,
				4AB826882F602B9D00BC4BE6 /* App */,
				4AB826892F602B9D00BC4BE6 /* cheap-connection.xcodeproj */,
				4AB8268A2F602B9D00BC4BE6 /* CLAUDE.md */,
				4AB8268B2F602B9D00BC4BE6 /* doneList.md */,
				4AB8268F2F602B9D00BC4BE6 /* Features */,
				4AB826942F602B9D00BC4BE6 /* Infrastructure */,
				4AB826A22F602B9D00BC4BE6 /* Shared */,
				4AB826A32F602B9D00BC4BE6 /* todoList.md */,
				4A2E660C2F60294300E9C832 /* Products */,
			);
			sourceTree = "<group>";
		};
		4A2E660C2F60294300E9C832 /* Products */ = {
			isa = PBXGroup;
			children = (
				4A2E660B2F60294300E9C832 /* cheap-connection.app */,
			);
			name = Products;
			sourceTree = "<group>";
		};
		4A915A692F690E9200D0780D /* Models */ = {
			isa = PBXGroup;
			children = (
				4A915A622F690E9200D0780D /* RedisCommandResult.swift */,
				4A915A632F690E9200D0780D /* RedisConnectionConfig.swift */,
				4A915A642F690E9200D0780D /* RedisKeyDetail.swift */,
				4A915A652F690E9200D0780D /* RedisKeySummary.swift */,
				4A915A662F690E9200D0780D /* RedisSession.swift */,
				4A915A672F690E9200D0780D /* RedisValue.swift */,
				4A915A682F690E9200D0780D /* RedisValueType.swift */,
			);
			path = Models;
			sourceTree = "<group>";
		};
		4A915A722F690EB200D0780D /* Services */ = {
			isa = PBXGroup;
			children = (
				4A915A712F690EB200D0780D /* RedisService.swift */,
			);
			path = Services;
			sourceTree = "<group>";
		};
		4AB0F8252F61135A0027A24E /* Models */ = {
			isa = PBXGroup;
			children = (
				4AB0F81D2F61135A0027A24E /* MySQLColumnDefinition.swift */,
				4AB0F81E2F61135A0027A24E /* MySQLConnectionConfig.swift */,
				4AB0F81F2F61135A0027A24E /* MySQLDatabaseSummary.swift */,
				4AB0F8202F61135A0027A24E /* MySQLQueryResult.swift */,
				4AB0F8212F61135A0027A24E /* MySQLRowValue.swift */,
				4AB0F8222F61135A0027A24E /* MySQLSession.swift */,
				4AB0F8232F61135A0027A24E /* MySQLTableSummary.swift */,
				1F48D65F6AD44209891BD01A /* SQLExecutionScope.swift */,
				103D976AF0A84CB8B3B20A24 /* SQLStatementParser.swift */,
				4AB0F8242F61135A0027A24E /* SQLRiskLevel.swift */,
			);
			path = Models;
			sourceTree = "<group>";
		};
		4AB0F8272F61135A0027A24E /* Services */ = {
			isa = PBXGroup;
			children = (
				4AB0F8262F61135A0027A24E /* MySQLService.swift */,
			);
			path = Services;
			sourceTree = "<group>";
		};
		4AB0F82E2F61135A0027A24E /* Views */ = {
			isa = PBXGroup;
			children = (
				4AB0F8282F61135A0027A24E /* MySQLDataView.swift */,
				4AB0F8292F61135A0027A24E /* MySQLEditorView.swift */,
				8Z0A1B2C3D4E567890123456 /* MySQLEditorModels.swift */,
				AA11AA11AA11AA11AA11AA02 /* MySQLEditorToolbar.swift */,
				AA11AA11AA11AA11AA11AA04 /* MySQLEditorTabBar.swift */,
				AA11AA11AA11AA11AA11AA06 /* MySQLEditorAutocomplete.swift */,
				1C2D3E4F5A6B789012345678 /* SQLEditorTextView.swift */,
				088e29fc97b244b186dc05f7 /* SQLEditorHistoryPanel.swift */,
				55dbd64c862446daaef4c3dc /* SQLEditorAutocompleteOverlay.swift */,
				a0cd5009bfe64ad9bbc42f55 /* SQLEditorContextSelector.swift */,
				4AB0F82A2F61135A0027A24E /* MySQLResultView.swift */,
				F3569CB1ABD94510843C6E04 /* MySQLResultTableViews.swift */,
				0DDD099183F745F8B682188D /* MySQLResultTableCell.swift */,
				4AB0F82B2F61135A0027A24E /* MySQLSidebarView.swift */,
				CD9F3CB20F454108A3438F22 /* MySQLSidebarNodeViews.swift */,
				4AB0F82C2F61135A0027A24E /* MySQLStructureView.swift */,
				4AB0F82D2F61135A0027A24E /* MySQLWorkspaceView.swift */,
				RIGHTPANEL002 /* MySQLRightPanelView.swift */,
				RIGHTPANEL004 /* MySQLRightPanelOperations.swift */,
				4D5E6F7A8B9C012345678901 /* WorkspaceEnums.swift */,
				6E7F8A9B0C1D23456789012C /* ConnectionStateViews.swift */,
				AA11AA11AA11AA11AA11AA08 /* MySQLWorkspaceConnection.swift */,
				AA11AA11AA11AA11AA11AA0C /* MySQLWorkspaceFileTabs.swift */,
				AA11AA11AA11AA11AA11AA0E /* MySQLWorkspaceQueryContext.swift */,
				7F8A9B0C1D234567890123D /* SQLFileOperations.swift */,
				3dd67efc70734c8db37616a5 /* SQLPreprocessor.swift */,
			);
			path = Views;
			sourceTree = "<group>";
		};
		4AB0F83F2F6113760027A24E /* Views */ = {
			isa = PBXGroup;
			children = (
				4AB0F83E2F6113760027A24E /* RedisWorkspaceView.swift */,
				0F77FBE9F85E4B82A68EC55F /* RedisKeyListView.swift */,
				D9FCB9D74FEE4842A06DF689 /* RedisKeyDetailHeaderView.swift */,
				CDA117B7222344B588A0A657 /* RedisValueViews.swift */,
				72B43748E258FAF957499699 /* RedisConsoleView.swift */,
				REDISEDITOR001 /* RedisEditorView.swift */,
);
			path = Views;
			sourceTree = "<group>";
		};
		4AB826882F602B9D00BC4BE6 /* App */ = {
			isa = PBXGroup;
			children = (
				4AB826862F602B9D00BC4BE6 /* cheap_connectionApp.swift */,
				4AB826872F602B9D00BC4BE6 /* ContentView.swift */,
				4AB827142F60300000BC4BE6 /* MainView.swift */,
				APPVIEWS001 /* Views */,
			);
			path = App;
			sourceTree = "<group>";
		};
		APPVIEWS001 /* Views */ = {
			isa = PBXGroup;
			children = (
				UNIFIED001 /* UnifiedWorkspaceView.swift */,
				WORKSPACETABBAR001 /* WorkspaceTabBar.swift */,
			);
			path = Views;
			sourceTree = "<group>";
		};
		4AB8268C2F602B9D00BC4BE6 /* Connections */ = {
			isa = PBXGroup;
			children = (
				4AB827162F60300000BC4BE6 /* Models */,
				4AB827172F60300000BC4BE6 /* ViewModels */,
				4AB827182F60300000BC4BE6 /* Views */,
			);
			path = Connections;
			sourceTree = "<group>";
		};
		4AB8268D2F602B9D00BC4BE6 /* MySQL */ = {
			isa = PBXGroup;
			children = (
				4AB0F8252F61135A0027A24E /* Models */,
				4AB0F8272F61135A0027A24E /* Services */,
				4AB0F82E2F61135A0027A24E /* Views */,
			);
			path = MySQL;
			sourceTree = "<group>";
		};
		4AB8268E2F602B9D00BC4BE6 /* Redis */ = {
			isa = PBXGroup;
			children = (
				4A915A722F690EB200D0780D /* Services */,
				4A915A692F690E9200D0780D /* Models */,
				4AB0F83F2F6113760027A24E /* Views */,
			);
			path = Redis;
			sourceTree = "<group>";
		};
		4AB8268F2F602B9D00BC4BE6 /* Features */ = {
			isa = PBXGroup;
			children = (
				4AB8268C2F602B9D00BC4BE6 /* Connections */,
				4AB8268D2F602B9D00BC4BE6 /* MySQL */,
				4AB8268E2F602B9D00BC4BE6 /* Redis */,
			);
			path = Features;
			sourceTree = "<group>";
		};
		4AB826902F602B9D00BC4BE6 /* Drivers */ = {
			isa = PBXGroup;
			children = (
				4A915A562F690E6E00D0780D /* RedisClient.swift */,
				4A915A572F690E6E00D0780D /* RedisClientCommands.swift */,
				4A915A582F690E6E00D0780D /* RedisClientProtocol.swift */,
				4A915A592F690E6E00D0780D /* RedisErrorMapper.swift */,
				4A915A5A2F690E6E00D0780D /* RedisRiskDetector.swift */,
				4A915A5B2F690E6E00D0780D /* RedisValueConverter.swift */,
				4AB0F8062F6111D70027A24E /* MySQLClient.swift */,
				BB22BB22BB22BB22BB22BB02 /* MySQLClientQueries.swift */,
				70B27C3676CC4B41B57E548B /* MySQLValueConverter.swift */,
				1CD2C37A81C64E0A90907314 /* MySQLEscapeUtils.swift */,
				B2C3D4E5F6A78901234567 /* MySQLQueries.swift */,
				05D18DD970994EC4A6F30ADF /* MySQLConnectionResolver.swift */,
				613F48D030A54F6BAC738E52 /* MySQLConnectionErrorHandler.swift */,
				4AB0F8072F6111D70027A24E /* MySQLClientProtocol.swift */,
				4AB0F8082F6111D70027A24E /* MySQLErrorMapper.swift */,
			);
			path = Drivers;
			sourceTree = "<group>";
		};
		4AB826912F602B9D00BC4BE6 /* Logging */ = {
			isa = PBXGroup;
			children = (
			);
			path = Logging;
			sourceTree = "<group>";
		};
		4AB826922F602B9D00BC4BE6 /* Security */ = {
			isa = PBXGroup;
			children = (
				4AB827002F60300000BC4BE6 /* KeychainError.swift */,
				4AB827022F60300000BC4BE6 /* KeychainService.swift */,
			);
			path = Security;
			sourceTree = "<group>";
		};
		4AB826932F602B9D00BC4BE6 /* Storage */ = {
			isa = PBXGroup;
			children = (
				98879DAB39D99F2AEFABAE86 /* WindowStateRepository.swift */,
				4AB827042F60300000BC4BE6 /* ConnectionRepository.swift */,
				4AB827062F60300000BC4BE6 /* RecentHistoryRepository.swift */,
			);
			path = Storage;
			sourceTree = "<group>";
		};
		4AB826942F602B9D00BC4BE6 /* Infrastructure */ = {
			isa = PBXGroup;
			children = (
				4AB826902F602B9D00BC4BE6 /* Drivers */,
				4AB826912F602B9D00BC4BE6 /* Logging */,
				4AB826922F602B9D00BC4BE6 /* Security */,
				4AB826932F602B9D00BC4BE6 /* Storage */,
			);
			path = Infrastructure;
			sourceTree = "<group>";
		};
		4AB8269F2F602B9D00BC4BE6 /* Models */ = {
			isa = PBXGroup;
			children = (
				4AB0F8412F6113930027A24E /* OrderDirection.swift */,
				4AB8269B2F602B9D00BC4BE6 /* AppError.swift */,
				4AB8269C2F602B9D00BC4BE6 /* ConnectionConfig.swift */,
				4AB8269D2F602B9D00BC4BE6 /* DatabaseKind.swift */,
				4AB8269E2F602B9D00BC4BE6 /* PaginationState.swift */,
				WMGR202503170001F1E2D3C4B5A6 /* WorkspaceManager.swift */,
			);
			path = Models;
			sourceTree = "<group>";
		};
		4AB826A02F602B9D00BC4BE6 /* Services */ = {
			isa = PBXGroup;
			children = (
				4AB827082F60300000BC4BE6 /* ConnectionManager.swift */,
				6CE5861E403CC7A65518DDA5 /* KeyboardShortcuts.swift */,
			);
			path = Services;
			sourceTree = "<group>";
		};
		4AB826A12F602B9D00BC4BE6 /* UI */ = {
			isa = PBXGroup;
			children = (
				SPLITVIEW001 /* SplitView.swift */,
			);
			path = UI;
			sourceTree = "<group>";
		};
		4AB826A22F602B9D00BC4BE6 /* Shared */ = {
			isa = PBXGroup;
			children = (
				4AB8269F2F602B9D00BC4BE6 /* Models */,
				4AB826A02F602B9D00BC4BE6 /* Services */,
				4AB826A12F602B9D00BC4BE6 /* UI */,
			);
			path = Shared;
			sourceTree = "<group>";
		};
		4AB826A42F602B9D00BC4BE6 /* Products */ = {
			isa = PBXGroup;
			name = Products;
			sourceTree = "<group>";
		};
		4AB826B42F602C1000BC4BE6 /* AccentColor.colorset */ = {
			isa = PBXGroup;
			children = (
				4AB826B32F602C1000BC4BE6 /* Contents.json */,
			);
			path = AccentColor.colorset;
			sourceTree = "<group>";
		};
		4AB826B62F602C1000BC4BE6 /* AppIcon.appiconset */ = {
			isa = PBXGroup;
			children = (
				4AB826B52F602C1000BC4BE6 /* Contents.json */,
			);
			path = AppIcon.appiconset;
			sourceTree = "<group>";
		};
		4AB826B82F602C1000BC4BE6 /* Assets.xcassets */ = {
			isa = PBXGroup;
			children = (
				4AB826B42F602C1000BC4BE6 /* AccentColor.colorset */,
				4AB826B62F602C1000BC4BE6 /* AppIcon.appiconset */,
				4AB826B72F602C1000BC4BE6 /* Contents.json */,
			);
			path = Assets.xcassets;
			sourceTree = "<group>";
		};
		4AB827162F60300000BC4BE6 /* Models */ = {
			isa = PBXGroup;
			children = (
				4AB8270A2F60300000BC4BE6 /* ConnectionFormData.swift */,
			);
			path = Models;
			sourceTree = "<group>";
		};
		4AB827172F60300000BC4BE6 /* ViewModels */ = {
			isa = PBXGroup;
			children = (
				4AB8270C2F60300000BC4BE6 /* ConnectionFormViewModel.swift */,
			);
			path = ViewModels;
			sourceTree = "<group>";
		};
		4AB827182F60300000BC4BE6 /* Views */ = {
			isa = PBXGroup;
			children = (
				4AB8270E2F60300000BC4BE6 /* ConnectionListView.swift */,
				BB22BB22BB22BB22BB22BB04 /* ConnectionListInteractions.swift */,
				8E4B9CD3F6A25B2693E2C1F /* ConnectionListNodeViews.swift */,
				6B4C9DAE2F3A5B6789012345 /* ConnectionListDataLoader.swift */,
				8D6EBFC0415C7D8901234567 /* ConnectionListRowViews.swift */,
				4AB827102F60300000BC4BE6 /* ConnectionRowView.swift */,
				4AB827122F60300000BC4BE6 /* ConnectionFormView.swift */,
			);
			path = Views;
			sourceTree = "<group>";
		};
/* End PBXGroup section */

/* Begin PBXNativeTarget section */
		4A2E660A2F60294300E9C832 /* cheap-connection */ = {
			isa = PBXNativeTarget;
			buildConfigurationList = 4A2E66162F60294400E9C832 /* Build configuration list for PBXNativeTarget "cheap-connection" */;
			buildPhases = (
				4A2E66072F60294300E9C832 /* Sources */,
				4A2E66082F60294300E9C832 /* Frameworks */,
				4A2E66092F60294300E9C832 /* Resources */,
			);
			buildRules = (
			);
			dependencies = (
			);
			name = "cheap-connection";
			packageProductDependencies = (
				4AB0F8012F6200000000001 /* MySQLKit */,
				4AB0F8012F6200000000002 /* MySQLNIO */,
				4AB0F8012F6200000000003 /* NIOCore */,
				4AB0F8012F6200000000004 /* NIOPosix */,
				4A915A502F690E3D00D0780D /* RediStack */,
				4A915A542F690E3D00D0780D /* RedisTypes */,
			);
			productName = "cheap-connection";
			productReference = 4A2E660B2F60294300E9C832 /* cheap-connection.app */;
			productType = "com.apple.product-type.application";
		};
/* End PBXNativeTarget section */

/* Begin PBXProject section */
		4A2E66032F60294300E9C832 /* Project object */ = {
			isa = PBXProject;
			attributes = {
				BuildIndependentTargetsInParallel = 1;
				LastSwiftUpdateCheck = 2630;
				LastUpgradeCheck = 2630;
				TargetAttributes = {
					4A2E660A2F60294300E9C832 = {
						CreatedOnToolsVersion = 26.3;
					};
				};
			};
			buildConfigurationList = 4A2E66062F60294300E9C832 /* Build configuration list for PBXProject "cheap-connection" */;
			developmentRegion = en;
			hasScannedForEncodings = 0;
			knownRegions = (
				en,
				Base,
			);
			mainGroup = 4A2E66022F60294300E9C832;
			minimizedProjectReferenceProxies = 1;
			packageReferences = (
				4AB0F7F92F610F1B0027A24E /* XCRemoteSwiftPackageReference "mysql-kit" */,
				4A915A4F2F690E3D00D0780D /* XCRemoteSwiftPackageReference "RediStack" */,
			);
			preferredProjectObjectVersion = 77;
			productRefGroup = 4A2E660C2F60294300E9C832 /* Products */;
			projectDirPath = "";
			projectReferences = (
				{
					ProductGroup = 4AB826A42F602B9D00BC4BE6 /* Products */;
					ProjectRef = 4AB826892F602B9D00BC4BE6 /* cheap-connection.xcodeproj */;
				},
			);
			projectRoot = "";
			targets = (
				4A2E660A2F60294300E9C832 /* cheap-connection */,
			);
		};
/* End PBXProject section */

/* Begin PBXResourcesBuildPhase section */
		4A2E66092F60294300E9C832 /* Resources */ = {
			isa = PBXResourcesBuildPhase;
			buildActionMask = 2147483647;
			files = (
			);
			runOnlyForDeploymentPostprocessing = 0;
		};
/* End PBXResourcesBuildPhase section */

/* Begin PBXSourcesBuildPhase section */
		4A2E66072F60294300E9C832 /* Sources */ = {
			isa = PBXSourcesBuildPhase;
			buildActionMask = 2147483647;
			files = (
				95123D0E6E3E1A078C3C959B /* WindowStateRepository.swift in Sources */,
				0A934975F880E85E59BE9F63 /* KeyboardShortcuts.swift in Sources */,
				WMGR202503170001A1B2C3D4E5F /* WorkspaceManager.swift in Sources */,
				4AB826AC2F602B9D00BC4BE6 /* AppError.swift in Sources */,
				4AB826AD2F602B9D00BC4BE6 /* DatabaseKind.swift in Sources */,
				4A915A6A2F690E9200D0780D /* RedisCommandResult.swift in Sources */,
				4A915A6B2F690E9200D0780D /* RedisKeyDetail.swift in Sources */,
				4A915A6C2F690E9200D0780D /* RedisValue.swift in Sources */,
				4A915A6D2F690E9200D0780D /* RedisConnectionConfig.swift in Sources */,
				4A915A6E2F690E9200D0780D /* RedisKeySummary.swift in Sources */,
				4A915A6F2F690E9200D0780D /* RedisSession.swift in Sources */,
				4A915A702F690E9200D0780D /* RedisValueType.swift in Sources */,
				4AB826AE2F602B9D00BC4BE6 /* ContentView.swift in Sources */,
				4AB826AF2F602B9D00BC4BE6 /* cheap_connectionApp.swift in Sources */,
				4AB826B02F602B9D00BC4BE6 /* ConnectionConfig.swift in Sources */,
				4AB826B12F602B9D00BC4BE6 /* PaginationState.swift in Sources */,
				4AB827012F60300000BC4BE6 /* KeychainError.swift in Sources */,
				4AB827032F60300000BC4BE6 /* KeychainService.swift in Sources */,
				4AB827052F60300000BC4BE6 /* ConnectionRepository.swift in Sources */,
				4AB827072F60300000BC4BE6 /* RecentHistoryRepository.swift in Sources */,
				4AB827092F60300000BC4BE6 /* ConnectionManager.swift in Sources */,
				4AB8270B2F60300000BC4BE6 /* ConnectionFormData.swift in Sources */,
				1F48D65E6AD44209891BD01A /* SQLExecutionScope.swift in Sources */,
				103D9769F0A84CB8B3B20A24 /* SQLStatementParser.swift in Sources */,
				4AB0F8092F6111D70027A24E /* MySQLErrorMapper.swift in Sources */,
				4AB0F80A2F6111D70027A24E /* MySQLClient.swift in Sources */,
				BB22BB22BB22BB22BB22BB01 /* MySQLClientQueries.swift in Sources */,
				ACB26D133F5941E298D83B9A /* MySQLValueConverter.swift in Sources */,
				E7A70AAE1FB64193A3D3AD97 /* MySQLEscapeUtils.swift in Sources */,
				A1B2C3D4E5F6789012345678 /* MySQLQueries.swift in Sources */,
				8A40726E8AAF42D5B42BB323 /* MySQLConnectionResolver.swift in Sources */,
				57C291BE4D8F43B9AF6D02E1 /* MySQLConnectionErrorHandler.swift in Sources */,
				4A915A5C2F690E6E00D0780D /* RedisClientProtocol.swift in Sources */,
				4A915A5D2F690E6E00D0780D /* RedisValueConverter.swift in Sources */,
				4A915A5E2F690E6E00D0780D /* RedisErrorMapper.swift in Sources */,
				4A915A5F2F690E6E00D0780D /* RedisClient.swift in Sources */,
				4A915A602F690E6E00D0780D /* RedisClientCommands.swift in Sources */,
				4A915A612F690E6E00D0780D /* RedisRiskDetector.swift in Sources */,
				4AB0F8422F6113930027A24E /* OrderDirection.swift in Sources */,
				4AB0F80B2F6111D70027A24E /* MySQLClientProtocol.swift in Sources */,
				4AB8270D2F60300000BC4BE6 /* ConnectionFormViewModel.swift in Sources */,
				4AB0F82F2F61135A0027A24E /* MySQLWorkspaceView.swift in Sources */,
				3C4D5E6F7A8B90123456789A /* WorkspaceEnums.swift in Sources */,
				5D6E7F8A9B0C1234567890AB /* ConnectionStateViews.swift in Sources */,
				6E7F8A9B0C123456789012CD /* SQLFileOperations.swift in Sources */,
				55c78129daf5412aa76beb2f /* SQLPreprocessor.swift in Sources */,
				4AB0F8302F61135A0027A24E /* MySQLService.swift in Sources */,
				4AB0F8312F61135A0027A24E /* MySQLQueryResult.swift in Sources */,
				4AB0F8322F61135A0027A24E /* MySQLStructureView.swift in Sources */,
				4AB0F8402F6113760027A24E /* RedisWorkspaceView.swift in Sources */,
				CE7FDC6A75DD446BAF8F15A5 /* RedisKeyListView.swift in Sources */,
				93570AC33AEC4DE8A5240F24 /* RedisKeyDetailHeaderView.swift in Sources */,
				EFC886148E764D49B9C06892 /* RedisValueViews.swift in Sources */,

				4AB0F8332F61135A0027A24E /* MySQLDataView.swift in Sources */,
				4AB0F8342F61135A0027A24E /* MySQLColumnDefinition.swift in Sources */,
				4AB0F8352F61135A0027A24E /* SQLRiskLevel.swift in Sources */,
				4AB0F8362F61135A0027A24E /* MySQLResultView.swift in Sources */,
				29BCEECE3C0942CFA63F74D7 /* MySQLResultTableViews.swift in Sources */,
				B51AEA4A88A14C53885F4D73 /* MySQLResultTableCell.swift in Sources */,
				4AB0F8372F61135A0027A24E /* MySQLSession.swift in Sources */,
				4AB0F8382F61135A0027A24E /* MySQLConnectionConfig.swift in Sources */,
				4AB0F8392F61135A0027A24E /* MySQLRowValue.swift in Sources */,
				4AB0F83A2F61135A0027A24E /* MySQLDatabaseSummary.swift in Sources */,
				4AB0F83B2F61135A0027A24E /* MySQLEditorView.swift in Sources */,
				9A1B2C3D4E5F678901234567 /* MySQLEditorModels.swift in Sources */,
				AA11AA11AA11AA11AA11AA01 /* MySQLEditorToolbar.swift in Sources */,
				AA11AA11AA11AA11AA11AA03 /* MySQLEditorTabBar.swift in Sources */,
				AA11AA11AA11AA11AA11AA05 /* MySQLEditorAutocomplete.swift in Sources */,
				2B3C4D5E6F7A890123456789 /* SQLEditorTextView.swift in Sources */,
				e504b4f559c64acbb48b9cbd /* SQLEditorHistoryPanel.swift in Sources */,
				2256e3f64519431b931c290a /* SQLEditorAutocompleteOverlay.swift in Sources */,
				13c022392b0b49a0a6a80a9c /* SQLEditorContextSelector.swift in Sources */,
				4AB0F83C2F61135A0027A24E /* MySQLSidebarView.swift in Sources */,
				76BD3BE1028F4E7EB20084AC /* MySQLSidebarNodeViews.swift in Sources */,
				AA11AA11AA11AA11AA11AA07 /* MySQLWorkspaceConnection.swift in Sources */,
				AA11AA11AA11AA11AA11AA0B /* MySQLWorkspaceFileTabs.swift in Sources */,
				AA11AA11AA11AA11AA11AA0D /* MySQLWorkspaceQueryContext.swift in Sources */,
				RIGHTPANEL001 /* MySQLRightPanelView.swift in Sources */,
				RIGHTPANEL003 /* MySQLRightPanelOperations.swift in Sources */,
				4AB0F83D2F61135A0027A24E /* MySQLTableSummary.swift in Sources */,
				4AB8270F2F60300000BC4BE6 /* ConnectionListView.swift in Sources */,
				BB22BB22BB22BB22BB22BB03 /* ConnectionListInteractions.swift in Sources */,
				4A915A732F690EB200D0780D /* RedisService.swift in Sources */,
				7D3A8B9C2E7F4A1582C1D0B /* ConnectionListNodeViews.swift in Sources */,
				5A3B8C9D1E2F4A5678901234 /* ConnectionListDataLoader.swift in Sources */,
				7C5DAEBF304B6C7890123456 /* ConnectionListRowViews.swift in Sources */,
				4AB827112F60300000BC4BE6 /* ConnectionRowView.swift in Sources */,
				4AB827132F60300000BC4BE6 /* ConnectionFormView.swift in Sources */,
				4AB827152F60300000BC4BE6 /* MainView.swift in Sources */,
				D526A6F1BD1947F81AACBA29 /* RedisConsoleView.swift in Sources */,
				SPLITVIEW002 /* SplitView.swift in Sources */,
				REDISEDITOR002 /* RedisEditorView.swift in Sources */,
				UNIFIED002 /* UnifiedWorkspaceView.swift in Sources */,
				WORKSPACETABBAR002 /* WorkspaceTabBar.swift in Sources */,
);
			runOnlyForDeploymentPostprocessing = 0;
		};
/* End PBXSourcesBuildPhase section */

/* Begin XCBuildConfiguration section */
		4A2E66142F60294400E9C832 /* Debug */ = {
			isa = XCBuildConfiguration;
			buildSettings = {
				ALWAYS_SEARCH_USER_PATHS = NO;
				ASSETCATALOG_COMPILER_GENERATE_SWIFT_ASSET_SYMBOL_EXTENSIONS = YES;
				CLANG_ANALYZER_NONNULL = YES;
				CLANG_ANALYZER_NUMBER_OBJECT_CONVERSION = YES_AGGRESSIVE;
				CLANG_CXX_LANGUAGE_STANDARD = "gnu++20";
				CLANG_ENABLE_MODULES = YES;
				CLANG_ENABLE_OBJC_ARC = YES;
				CLANG_ENABLE_OBJC_WEAK = YES;
				CLANG_WARN_BLOCK_CAPTURE_AUTORELEASING = YES;
				CLANG_WARN_BOOL_CONVERSION = YES;
				CLANG_WARN_COMMA = YES;
				CLANG_WARN_CONSTANT_CONVERSION = YES;
				CLANG_WARN_DEPRECATED_OBJC_IMPLEMENTATIONS = YES;
				CLANG_WARN_DIRECT_OBJC_ISA_USAGE = YES_ERROR;
				CLANG_WARN_DOCUMENTATION_COMMENTS = YES;
				CLANG_WARN_EMPTY_BODY = YES;
				CLANG_WARN_ENUM_CONVERSION = YES;
				CLANG_WARN_INFINITE_RECURSION = YES;
				CLANG_WARN_INT_CONVERSION = YES;
				CLANG_WARN_NON_LITERAL_NULL_CONVERSION = YES;
				CLANG_WARN_OBJC_IMPLICIT_RETAIN_SELF = YES;
				CLANG_WARN_OBJC_LITERAL_CONVERSION = YES;
				CLANG_WARN_OBJC_ROOT_CLASS = YES_ERROR;
				CLANG_WARN_QUOTED_INCLUDE_IN_FRAMEWORK_HEADER = YES;
				CLANG_WARN_RANGE_LOOP_ANALYSIS = YES;
				CLANG_WARN_STRICT_PROTOTYPES = YES;
				CLANG_WARN_SUSPICIOUS_MOVE = YES;
				CLANG_WARN_UNGUARDED_AVAILABILITY = YES_AGGRESSIVE;
				CLANG_WARN_UNREACHABLE_CODE = YES;
				CLANG_WARN__DUPLICATE_METHOD_MATCH = YES;
				COPY_PHASE_STRIP = NO;
				DEBUG_INFORMATION_FORMAT = dwarf;
				DEVELOPMENT_TEAM = GC5SPVVV6T;
				ENABLE_STRICT_OBJC_MSGSEND = YES;
				ENABLE_TESTABILITY = YES;
				ENABLE_USER_SCRIPT_SANDBOXING = YES;
				GCC_C_LANGUAGE_STANDARD = gnu17;
				GCC_DYNAMIC_NO_PIC = NO;
				GCC_NO_COMMON_BLOCKS = YES;
				GCC_OPTIMIZATION_LEVEL = 0;
				GCC_PREPROCESSOR_DEFINITIONS = (
					"DEBUG=1",
					"$(inherited)",
				);
				GCC_WARN_64_TO_32_BIT_CONVERSION = YES;
				GCC_WARN_ABOUT_RETURN_TYPE = YES_ERROR;
				GCC_WARN_UNDECLARED_SELECTOR = YES;
				GCC_WARN_UNINITIALIZED_AUTOS = YES_AGGRESSIVE;
				GCC_WARN_UNUSED_FUNCTION = YES;
				GCC_WARN_UNUSED_VARIABLE = YES;
				LOCALIZATION_PREFERS_STRING_CATALOGS = YES;
				MACOSX_DEPLOYMENT_TARGET = 26.2;
				MTL_ENABLE_DEBUG_INFO = INCLUDE_SOURCE;
				MTL_FAST_MATH = YES;
				ONLY_ACTIVE_ARCH = YES;
				SDKROOT = macosx;
				SWIFT_ACTIVE_COMPILATION_CONDITIONS = "DEBUG $(inherited)";
				SWIFT_OPTIMIZATION_LEVEL = "-Onone";
			};
			name = Debug;
		};
		4A2E66152F60294400E9C832 /* Release */ = {
			isa = XCBuildConfiguration;
			buildSettings = {
				ALWAYS_SEARCH_USER_PATHS = NO;
				ASSETCATALOG_COMPILER_GENERATE_SWIFT_ASSET_SYMBOL_EXTENSIONS = YES;
				CLANG_ANALYZER_NONNULL = YES;
				CLANG_ANALYZER_NUMBER_OBJECT_CONVERSION = YES_AGGRESSIVE;
				CLANG_CXX_LANGUAGE_STANDARD = "gnu++20";
				CLANG_ENABLE_MODULES = YES;
				CLANG_ENABLE_OBJC_ARC = YES;
				CLANG_ENABLE_OBJC_WEAK = YES;
				CLANG_WARN_BLOCK_CAPTURE_AUTORELEASING = YES;
				CLANG_WARN_BOOL_CONVERSION = YES;
				CLANG_WARN_COMMA = YES;
				CLANG_WARN_CONSTANT_CONVERSION = YES;
				CLANG_WARN_DEPRECATED_OBJC_IMPLEMENTATIONS = YES;
				CLANG_WARN_DIRECT_OBJC_ISA_USAGE = YES_ERROR;
				CLANG_WARN_DOCUMENTATION_COMMENTS = YES;
				CLANG_WARN_EMPTY_BODY = YES;
				CLANG_WARN_ENUM_CONVERSION = YES;
				CLANG_WARN_INFINITE_RECURSION = YES;
				CLANG_WARN_INT_CONVERSION = YES;
				CLANG_WARN_NON_LITERAL_NULL_CONVERSION = YES;
				CLANG_WARN_OBJC_IMPLICIT_RETAIN_SELF = YES;
				CLANG_WARN_OBJC_LITERAL_CONVERSION = YES;
				CLANG_WARN_OBJC_ROOT_CLASS = YES_ERROR;
				CLANG_WARN_QUOTED_INCLUDE_IN_FRAMEWORK_HEADER = YES;
				CLANG_WARN_RANGE_LOOP_ANALYSIS = YES;
				CLANG_WARN_STRICT_PROTOTYPES = YES;
				CLANG_WARN_SUSPICIOUS_MOVE = YES;
				CLANG_WARN_UNGUARDED_AVAILABILITY = YES_AGGRESSIVE;
				CLANG_WARN_UNREACHABLE_CODE = YES;
				CLANG_WARN__DUPLICATE_METHOD_MATCH = YES;
				COPY_PHASE_STRIP = NO;
				DEBUG_INFORMATION_FORMAT = "dwarf-with-dsym";
				DEVELOPMENT_TEAM = GC5SPVVV6T;
				ENABLE_NS_ASSERTIONS = NO;
				ENABLE_STRICT_OBJC_MSGSEND = YES;
				ENABLE_USER_SCRIPT_SANDBOXING = YES;
				GCC_C_LANGUAGE_STANDARD = gnu17;
				GCC_NO_COMMON_BLOCKS = YES;
				GCC_WARN_64_TO_32_BIT_CONVERSION = YES;
				GCC_WARN_ABOUT_RETURN_TYPE = YES_ERROR;
				GCC_WARN_UNDECLARED_SELECTOR = YES;
				GCC_WARN_UNINITIALIZED_AUTOS = YES_AGGRESSIVE;
				GCC_WARN_UNUSED_FUNCTION = YES;
				GCC_WARN_UNUSED_VARIABLE = YES;
				LOCALIZATION_PREFERS_STRING_CATALOGS = YES;
				MACOSX_DEPLOYMENT_TARGET = 26.2;
				MTL_ENABLE_DEBUG_INFO = NO;
				MTL_FAST_MATH = YES;
				SDKROOT = macosx;
				SWIFT_COMPILATION_MODE = wholemodule;
			};
			name = Release;
		};
		4A2E66172F60294400E9C832 /* Debug */ = {
			isa = XCBuildConfiguration;
			buildSettings = {
				ASSETCATALOG_COMPILER_APPICON_NAME = AppIcon;
				ASSETCATALOG_COMPILER_GLOBAL_ACCENT_COLOR_NAME = AccentColor;
				CODE_SIGN_ENTITLEMENTS = CheapConnection.entitlements;
				CODE_SIGN_STYLE = Automatic;
				COMBINE_HIDPI_IMAGES = YES;
				CURRENT_PROJECT_VERSION = 1;
				DEVELOPMENT_TEAM = GC5SPVVV6T;
				ENABLE_APP_SANDBOX = YES;
				ENABLE_HARDENED_RUNTIME = YES;
				ENABLE_PREVIEWS = YES;
				ENABLE_USER_SELECTED_FILES = readonly;
				GENERATE_INFOPLIST_FILE = YES;
				INFOPLIST_KEY_NSHumanReadableCopyright = "";
				LD_RUNPATH_SEARCH_PATHS = (
					"$(inherited)",
					"@executable_path/../Frameworks",
				);
				MARKETING_VERSION = 1.0;
				PRODUCT_BUNDLE_IDENTIFIER = "com.yzz.cheap-connection";
				PRODUCT_NAME = "$(TARGET_NAME)";
				REGISTER_APP_GROUPS = YES;
				STRING_CATALOG_GENERATE_SYMBOLS = YES;
				SWIFT_APPROACHABLE_CONCURRENCY = YES;
				SWIFT_DEFAULT_ACTOR_ISOLATION = MainActor;
				SWIFT_EMIT_LOC_STRINGS = YES;
				SWIFT_UPCOMING_FEATURE_MEMBER_IMPORT_VISIBILITY = YES;
				SWIFT_VERSION = 5.0;
			};
			name = Debug;
		};
		4A2E66182F60294400E9C832 /* Release */ = {
			isa = XCBuildConfiguration;
			buildSettings = {
				ASSETCATALOG_COMPILER_APPICON_NAME = AppIcon;
				ASSETCATALOG_COMPILER_GLOBAL_ACCENT_COLOR_NAME = AccentColor;
				CODE_SIGN_ENTITLEMENTS = CheapConnection.entitlements;
				CODE_SIGN_STYLE = Automatic;
				COMBINE_HIDPI_IMAGES = YES;
				CURRENT_PROJECT_VERSION = 1;
				DEVELOPMENT_TEAM = GC5SPVVV6T;
				ENABLE_APP_SANDBOX = YES;
				ENABLE_HARDENED_RUNTIME = YES;
				ENABLE_PREVIEWS = YES;
				ENABLE_USER_SELECTED_FILES = readonly;
				GENERATE_INFOPLIST_FILE = YES;
				INFOPLIST_KEY_NSHumanReadableCopyright = "";
				LD_RUNPATH_SEARCH_PATHS = (
					"$(inherited)",
					"@executable_path/../Frameworks",
				);
				MARKETING_VERSION = 1.0;
				PRODUCT_BUNDLE_IDENTIFIER = "com.yzz.cheap-connection";
				PRODUCT_NAME = "$(TARGET_NAME)";
				REGISTER_APP_GROUPS = YES;
				STRING_CATALOG_GENERATE_SYMBOLS = YES;
				SWIFT_APPROACHABLE_CONCURRENCY = YES;
				SWIFT_DEFAULT_ACTOR_ISOLATION = MainActor;
				SWIFT_EMIT_LOC_STRINGS = YES;
				SWIFT_UPCOMING_FEATURE_MEMBER_IMPORT_VISIBILITY = YES;
				SWIFT_VERSION = 5.0;
			};
			name = Release;
		};
/* End XCBuildConfiguration section */

/* Begin XCConfigurationList section */
		4A2E66062F60294300E9C832 /* Build configuration list for PBXProject "cheap-connection" */ = {
			isa = XCConfigurationList;
			buildConfigurations = (
				4A2E66142F60294400E9C832 /* Debug */,
				4A2E66152F60294400E9C832 /* Release */,
			);
			defaultConfigurationIsVisible = 0;
			defaultConfigurationName = Release;
		};
		4A2E66162F60294400E9C832 /* Build configuration list for PBXNativeTarget "cheap-connection" */ = {
			isa = XCConfigurationList;
			buildConfigurations = (
				4A2E66172F60294400E9C832 /* Debug */,
				4A2E66182F60294400E9C832 /* Release */,
			);
			defaultConfigurationIsVisible = 0;
			defaultConfigurationName = Release;
		};
/* End XCConfigurationList section */

/* Begin XCRemoteSwiftPackageReference section */
		4A915A4F2F690E3D00D0780D /* XCRemoteSwiftPackageReference "RediStack" */ = {
			isa = XCRemoteSwiftPackageReference;
			repositoryURL = "https://github.com/swift-server/RediStack.git";
			requirement = {
				kind = upToNextMajorVersion;
				minimumVersion = 1.6.3;
			};
		};
		4AB0F7F92F610F1B0027A24E /* XCRemoteSwiftPackageReference "mysql-kit" */ = {
			isa = XCRemoteSwiftPackageReference;
			repositoryURL = "https://github.com/vapor/mysql-kit.git";
			requirement = {
				kind = upToNextMajorVersion;
				minimumVersion = 4.10.1;
			};
		};
/* End XCRemoteSwiftPackageReference section */

/* Begin XCSwiftPackageProductDependency section */
		4A915A502F690E3D00D0780D /* RediStack */ = {
			isa = XCSwiftPackageProductDependency;
			package = 4A915A4F2F690E3D00D0780D /* XCRemoteSwiftPackageReference "RediStack" */;
			productName = RediStack;
		};
		4A915A542F690E3D00D0780D /* RedisTypes */ = {
			isa = XCSwiftPackageProductDependency;
			package = 4A915A4F2F690E3D00D0780D /* XCRemoteSwiftPackageReference "RediStack" */;
			productName = RedisTypes;
		};
		4AB0F8012F6200000000001 /* MySQLKit */ = {
			isa = XCSwiftPackageProductDependency;
			package = 4AB0F7F92F610F1B0027A24E /* XCRemoteSwiftPackageReference "mysql-kit" */;
			productName = MySQLKit;
		};
		4AB0F8012F6200000000002 /* MySQLNIO */ = {
			isa = XCSwiftPackageProductDependency;
			package = 4AB0F7F92F610F1B0027A24E /* XCRemoteSwiftPackageReference "mysql-kit" */;
			productName = MySQLNIO;
		};
		4AB0F8012F6200000000003 /* NIOCore */ = {
			isa = XCSwiftPackageProductDependency;
			package = 4AB0F7F92F610F1B0027A24E /* XCRemoteSwiftPackageReference "mysql-kit" */;
			productName = NIOCore;
		};
		4AB0F8012F6200000000004 /* NIOPosix */ = {
			isa = XCSwiftPackageProductDependency;
			package = 4AB0F7F92F610F1B0027A24E /* XCRemoteSwiftPackageReference "mysql-kit" */;
			productName = NIOPosix;
		};
/* End XCSwiftPackageProductDependency section */
	};
	rootObject = 4A2E66032F60294300E9C832 /* Project object */;
}
